// !$*UTF8*$!
{
	archiveVersion = 1;
	classes = {
	};
	objectVersion = 48;
	objects = {

/* Begin PBXBuildFile section */
		1F6358E71FE2471200B6511A /* MainViewController.swift in Sources */ = {isa = PBXBuildFile; fileRef = 1F6358E61FE2471200B6511A /* MainViewController.swift */; };
		1F6CE5C51FE11BFC006D6AAD /* AppDelegate.swift in Sources */ = {isa = PBXBuildFile; fileRef = 1F6CE5C41FE11BFC006D6AAD /* AppDelegate.swift */; };
		1F6CE5C71FE11BFC006D6AAD /* ViewController.swift in Sources */ = {isa = PBXBuildFile; fileRef = 1F6CE5C61FE11BFC006D6AAD /* ViewController.swift */; };
		1F6CE5CA1FE11BFC006D6AAD /* Main.storyboard in Resources */ = {isa = PBXBuildFile; fileRef = 1F6CE5C81FE11BFC006D6AAD /* Main.storyboard */; };
		1F6CE5CC1FE11BFC006D6AAD /* Assets.xcassets in Resources */ = {isa = PBXBuildFile; fileRef = 1F6CE5CB1FE11BFC006D6AAD /* Assets.xcassets */; };
		1F6CE5CF1FE11BFC006D6AAD /* LaunchScreen.storyboard in Resources */ = {isa = PBXBuildFile; fileRef = 1F6CE5CD1FE11BFC006D6AAD /* LaunchScreen.storyboard */; };
		1F6CE5D71FE12077006D6AAD /* GoogleService-Info.plist in Resources */ = {isa = PBXBuildFile; fileRef = 1F6CE5D61FE12077006D6AAD /* GoogleService-Info.plist */; };
		1F6CE5D91FE12A28006D6AAD /* LoginController.swift in Sources */ = {isa = PBXBuildFile; fileRef = 1F6CE5D81FE12A28006D6AAD /* LoginController.swift */; };
		1F70C4FA1FE28C4600DDAF03 /* ActivityController.swift in Sources */ = {isa = PBXBuildFile; fileRef = 1F70C4F91FE28C4600DDAF03 /* ActivityController.swift */; };
		1F70C4FC1FE28CAA00DDAF03 /* MapController.swift in Sources */ = {isa = PBXBuildFile; fileRef = 1F70C4FB1FE28CAA00DDAF03 /* MapController.swift */; };
		1F70C4FE1FE37E4B00DDAF03 /* SearchView.xib in Resources */ = {isa = PBXBuildFile; fileRef = 1F70C4FD1FE37E4B00DDAF03 /* SearchView.xib */; };
		1F70C5041FE39EC600DDAF03 /* SearchViewController.swift in Sources */ = {isa = PBXBuildFile; fileRef = 1F70C5031FE39EC600DDAF03 /* SearchViewController.swift */; };
		1F70C5081FE3CE1100DDAF03 /* ActivityView.xib in Resources */ = {isa = PBXBuildFile; fileRef = 1F70C5071FE3CE1100DDAF03 /* ActivityView.xib */; };
		1FFC9DE01FE16A3A003071B9 /* TabBarItem.swift in Sources */ = {isa = PBXBuildFile; fileRef = 1FFC9DDF1FE16A3A003071B9 /* TabBarItem.swift */; };
		1FFC9DE21FE16A78003071B9 /* TabBarItemType.swift in Sources */ = {isa = PBXBuildFile; fileRef = 1FFC9DE11FE16A78003071B9 /* TabBarItemType.swift */; };
		1FFC9DE41FE16A9F003071B9 /* TabBarController.swift in Sources */ = {isa = PBXBuildFile; fileRef = 1FFC9DE31FE16A9F003071B9 /* TabBarController.swift */; };
		1FFC9DE71FE16CB7003071B9 /* UIViewExtensions.swift in Sources */ = {isa = PBXBuildFile; fileRef = 1FFC9DE61FE16CB7003071B9 /* UIViewExtensions.swift */; };
		1FFC9DE91FE16D1B003071B9 /* UINibExtensions.swift in Sources */ = {isa = PBXBuildFile; fileRef = 1FFC9DE81FE16D1B003071B9 /* UINibExtensions.swift */; };
		1FFC9DEB1FE17195003071B9 /* NavigationController.swift in Sources */ = {isa = PBXBuildFile; fileRef = 1FFC9DEA1FE17195003071B9 /* NavigationController.swift */; };
		1FFC9DEF1FE17B1B003071B9 /* ListsCell.xib in Resources */ = {isa = PBXBuildFile; fileRef = 1FFC9DED1FE17B1B003071B9 /* ListsCell.xib */; };
		1FFC9DF11FE17B81003071B9 /* ListsController.swift in Sources */ = {isa = PBXBuildFile; fileRef = 1FFC9DF01FE17B81003071B9 /* ListsController.swift */; };
		1FFC9DF31FE17FD4003071B9 /* ListsCell.swift in Sources */ = {isa = PBXBuildFile; fileRef = 1FFC9DF21FE17FD4003071B9 /* ListsCell.swift */; };
		1FFC9DF51FE18058003071B9 /* UserSettingController.swift in Sources */ = {isa = PBXBuildFile; fileRef = 1FFC9DF41FE18058003071B9 /* UserSettingController.swift */; };
		1FFC9DF81FE229CA003071B9 /* Preference.swift in Sources */ = {isa = PBXBuildFile; fileRef = 1FFC9DF71FE229CA003071B9 /* Preference.swift */; };
		AF7D1C3524BBB56E03E5420B /* Pods_iSports.framework in Frameworks */ = {isa = PBXBuildFile; fileRef = C6C5625200452BB789C1CC23 /* Pods_iSports.framework */; };
/* End PBXBuildFile section */

/* Begin PBXFileReference section */
		1F6358E61FE2471200B6511A /* MainViewController.swift */ = {isa = PBXFileReference; lastKnownFileType = sourcecode.swift; path = MainViewController.swift; sourceTree = "<group>"; };
		1F6CE5C11FE11BFC006D6AAD /* iSports.app */ = {isa = PBXFileReference; explicitFileType = wrapper.application; includeInIndex = 0; path = iSports.app; sourceTree = BUILT_PRODUCTS_DIR; };
		1F6CE5C41FE11BFC006D6AAD /* AppDelegate.swift */ = {isa = PBXFileReference; lastKnownFileType = sourcecode.swift; path = AppDelegate.swift; sourceTree = "<group>"; };
		1F6CE5C61FE11BFC006D6AAD /* ViewController.swift */ = {isa = PBXFileReference; lastKnownFileType = sourcecode.swift; path = ViewController.swift; sourceTree = "<group>"; };
		1F6CE5C91FE11BFC006D6AAD /* Base */ = {isa = PBXFileReference; lastKnownFileType = file.storyboard; name = Base; path = Base.lproj/Main.storyboard; sourceTree = "<group>"; };
		1F6CE5CB1FE11BFC006D6AAD /* Assets.xcassets */ = {isa = PBXFileReference; lastKnownFileType = folder.assetcatalog; path = Assets.xcassets; sourceTree = "<group>"; };
		1F6CE5CE1FE11BFC006D6AAD /* Base */ = {isa = PBXFileReference; lastKnownFileType = file.storyboard; name = Base; path = Base.lproj/LaunchScreen.storyboard; sourceTree = "<group>"; };
		1F6CE5D01FE11BFC006D6AAD /* Info.plist */ = {isa = PBXFileReference; lastKnownFileType = text.plist.xml; path = Info.plist; sourceTree = "<group>"; };
		1F6CE5D61FE12077006D6AAD /* GoogleService-Info.plist */ = {isa = PBXFileReference; fileEncoding = 4; lastKnownFileType = text.plist.xml; path = "GoogleService-Info.plist"; sourceTree = "<group>"; };
		1F6CE5D81FE12A28006D6AAD /* LoginController.swift */ = {isa = PBXFileReference; lastKnownFileType = sourcecode.swift; path = LoginController.swift; sourceTree = "<group>"; };
		1F70C4F91FE28C4600DDAF03 /* ActivityController.swift */ = {isa = PBXFileReference; lastKnownFileType = sourcecode.swift; path = ActivityController.swift; sourceTree = "<group>"; };
		1F70C4FB1FE28CAA00DDAF03 /* MapController.swift */ = {isa = PBXFileReference; lastKnownFileType = sourcecode.swift; path = MapController.swift; sourceTree = "<group>"; };
		1F70C4FD1FE37E4B00DDAF03 /* SearchView.xib */ = {isa = PBXFileReference; lastKnownFileType = file.xib; path = SearchView.xib; sourceTree = "<group>"; };
		1F70C5031FE39EC600DDAF03 /* SearchViewController.swift */ = {isa = PBXFileReference; lastKnownFileType = sourcecode.swift; path = SearchViewController.swift; sourceTree = "<group>"; };
		1F70C5071FE3CE1100DDAF03 /* ActivityView.xib */ = {isa = PBXFileReference; lastKnownFileType = file.xib; path = ActivityView.xib; sourceTree = "<group>"; };
		1FFC9DDF1FE16A3A003071B9 /* TabBarItem.swift */ = {isa = PBXFileReference; lastKnownFileType = sourcecode.swift; path = TabBarItem.swift; sourceTree = "<group>"; };
		1FFC9DE11FE16A78003071B9 /* TabBarItemType.swift */ = {isa = PBXFileReference; lastKnownFileType = sourcecode.swift; path = TabBarItemType.swift; sourceTree = "<group>"; };
		1FFC9DE31FE16A9F003071B9 /* TabBarController.swift */ = {isa = PBXFileReference; lastKnownFileType = sourcecode.swift; path = TabBarController.swift; sourceTree = "<group>"; };
		1FFC9DE61FE16CB7003071B9 /* UIViewExtensions.swift */ = {isa = PBXFileReference; fileEncoding = 4; lastKnownFileType = sourcecode.swift; path = UIViewExtensions.swift; sourceTree = "<group>"; };
		1FFC9DE81FE16D1B003071B9 /* UINibExtensions.swift */ = {isa = PBXFileReference; lastKnownFileType = sourcecode.swift; path = UINibExtensions.swift; sourceTree = "<group>"; };
		1FFC9DEA1FE17195003071B9 /* NavigationController.swift */ = {isa = PBXFileReference; lastKnownFileType = sourcecode.swift; path = NavigationController.swift; sourceTree = "<group>"; };
		1FFC9DED1FE17B1B003071B9 /* ListsCell.xib */ = {isa = PBXFileReference; lastKnownFileType = file.xib; path = ListsCell.xib; sourceTree = "<group>"; };
		1FFC9DF01FE17B81003071B9 /* ListsController.swift */ = {isa = PBXFileReference; lastKnownFileType = sourcecode.swift; path = ListsController.swift; sourceTree = "<group>"; };
		1FFC9DF21FE17FD4003071B9 /* ListsCell.swift */ = {isa = PBXFileReference; lastKnownFileType = sourcecode.swift; path = ListsCell.swift; sourceTree = "<group>"; };
		1FFC9DF41FE18058003071B9 /* UserSettingController.swift */ = {isa = PBXFileReference; lastKnownFileType = sourcecode.swift; path = UserSettingController.swift; sourceTree = "<group>"; };
		1FFC9DF71FE229CA003071B9 /* Preference.swift */ = {isa = PBXFileReference; lastKnownFileType = sourcecode.swift; path = Preference.swift; sourceTree = "<group>"; };
		4DD76A467625E70E85392DE9 /* Pods-iSports.debug.xcconfig */ = {isa = PBXFileReference; includeInIndex = 1; lastKnownFileType = text.xcconfig; name = "Pods-iSports.debug.xcconfig"; path = "Pods/Target Support Files/Pods-iSports/Pods-iSports.debug.xcconfig"; sourceTree = "<group>"; };
		C6C5625200452BB789C1CC23 /* Pods_iSports.framework */ = {isa = PBXFileReference; explicitFileType = wrapper.framework; includeInIndex = 0; path = Pods_iSports.framework; sourceTree = BUILT_PRODUCTS_DIR; };
		E16CEEBCF8DE1FE5AE8FF54A /* Pods-iSports.release.xcconfig */ = {isa = PBXFileReference; includeInIndex = 1; lastKnownFileType = text.xcconfig; name = "Pods-iSports.release.xcconfig"; path = "Pods/Target Support Files/Pods-iSports/Pods-iSports.release.xcconfig"; sourceTree = "<group>"; };
/* End PBXFileReference section */

/* Begin PBXFrameworksBuildPhase section */
		1F6CE5BE1FE11BFC006D6AAD /* Frameworks */ = {
			isa = PBXFrameworksBuildPhase;
			buildActionMask = 2147483647;
			files = (
				AF7D1C3524BBB56E03E5420B /* Pods_iSports.framework in Frameworks */,
			);
			runOnlyForDeploymentPostprocessing = 0;
		};
/* End PBXFrameworksBuildPhase section */

/* Begin PBXGroup section */
		1F6CE5B81FE11BFC006D6AAD = {
			isa = PBXGroup;
			children = (
				1F6CE5C31FE11BFC006D6AAD /* iSports */,
				1F6CE5C21FE11BFC006D6AAD /* Products */,
				4CE2B2A0A4463603A3EAF54A /* Pods */,
				3FA4CE70714191A0644C8F39 /* Frameworks */,
			);
			sourceTree = "<group>";
		};
		1F6CE5C21FE11BFC006D6AAD /* Products */ = {
			isa = PBXGroup;
			children = (
				1F6CE5C11FE11BFC006D6AAD /* iSports.app */,
			);
			name = Products;
			sourceTree = "<group>";
		};
		1F6CE5C31FE11BFC006D6AAD /* iSports */ = {
			isa = PBXGroup;
			children = (
				1F6CE5C81FE11BFC006D6AAD /* Main.storyboard */,
				1F6CE5C41FE11BFC006D6AAD /* AppDelegate.swift */,
				1F6CE5D81FE12A28006D6AAD /* LoginController.swift */,
				1FFC9DF41FE18058003071B9 /* UserSettingController.swift */,
				1FFC9DF71FE229CA003071B9 /* Preference.swift */,
				1F6CE5C61FE11BFC006D6AAD /* ViewController.swift */,
				1F6358E61FE2471200B6511A /* MainViewController.swift */,
				1F70C4FB1FE28CAA00DDAF03 /* MapController.swift */,
				1FFC9DEA1FE17195003071B9 /* NavigationController.swift */,
				1F70C5091FE3CE1500DDAF03 /* Activity */,
				1FFC9DF61FE18060003071B9 /* Lists */,
				1FFC9DE51FE16C8B003071B9 /* Library */,
				1FFC9DDE1FE137A7003071B9 /* Tab Bar */,
				1F6CE5CB1FE11BFC006D6AAD /* Assets.xcassets */,
				1F6CE5CD1FE11BFC006D6AAD /* LaunchScreen.storyboard */,
				1F6CE5D01FE11BFC006D6AAD /* Info.plist */,
				1F6CE5D61FE12077006D6AAD /* GoogleService-Info.plist */,
			);
			path = iSports;
			sourceTree = "<group>";
		};
		1F70C5091FE3CE1500DDAF03 /* Activity */ = {
			isa = PBXGroup;
			children = (
				1F70C4F91FE28C4600DDAF03 /* ActivityController.swift */,
				1F70C5071FE3CE1100DDAF03 /* ActivityView.xib */,
			);
			path = Activity;
			sourceTree = "<group>";
		};
		1FFC9DDE1FE137A7003071B9 /* Tab Bar */ = {
			isa = PBXGroup;
			children = (
				1FFC9DE31FE16A9F003071B9 /* TabBarController.swift */,
				1FFC9DE11FE16A78003071B9 /* TabBarItemType.swift */,
				1FFC9DDF1FE16A3A003071B9 /* TabBarItem.swift */,
			);
			path = "Tab Bar";
			sourceTree = "<group>";
		};
		1FFC9DE51FE16C8B003071B9 /* Library */ = {
			isa = PBXGroup;
			children = (
				1FFC9DE61FE16CB7003071B9 /* UIViewExtensions.swift */,
				1FFC9DE81FE16D1B003071B9 /* UINibExtensions.swift */,
			);
			path = Library;
			sourceTree = "<group>";
		};
		1FFC9DF61FE18060003071B9 /* Lists */ = {
			isa = PBXGroup;
			children = (
				1FFC9DF01FE17B81003071B9 /* ListsController.swift */,
				1F70C5031FE39EC600DDAF03 /* SearchViewController.swift */,
				1F70C4FD1FE37E4B00DDAF03 /* SearchView.xib */,
				1FFC9DF21FE17FD4003071B9 /* ListsCell.swift */,
				1FFC9DED1FE17B1B003071B9 /* ListsCell.xib */,
			);
			path = Lists;
			sourceTree = "<group>";
		};
		3FA4CE70714191A0644C8F39 /* Frameworks */ = {
			isa = PBXGroup;
			children = (
				C6C5625200452BB789C1CC23 /* Pods_iSports.framework */,
			);
			name = Frameworks;
			sourceTree = "<group>";
		};
		4CE2B2A0A4463603A3EAF54A /* Pods */ = {
			isa = PBXGroup;
			children = (
				4DD76A467625E70E85392DE9 /* Pods-iSports.debug.xcconfig */,
				E16CEEBCF8DE1FE5AE8FF54A /* Pods-iSports.release.xcconfig */,
			);
			name = Pods;
			sourceTree = "<group>";
		};
/* End PBXGroup section */

/* Begin PBXNativeTarget section */
		1F6CE5C01FE11BFC006D6AAD /* iSports */ = {
			isa = PBXNativeTarget;
			buildConfigurationList = 1F6CE5D31FE11BFC006D6AAD /* Build configuration list for PBXNativeTarget "iSports" */;
			buildPhases = (
				81498F0614FF37B62513D388 /* [CP] Check Pods Manifest.lock */,
				1F6CE5BD1FE11BFC006D6AAD /* Sources */,
				1F6CE5BE1FE11BFC006D6AAD /* Frameworks */,
				1F6CE5BF1FE11BFC006D6AAD /* Resources */,
				59741D498A6784534A510E19 /* [CP] Embed Pods Frameworks */,
				ABDC3873A1D3295FE9443DFC /* [CP] Copy Pods Resources */,
			);
			buildRules = (
			);
			dependencies = (
			);
			name = iSports;
			productName = iSports;
			productReference = 1F6CE5C11FE11BFC006D6AAD /* iSports.app */;
			productType = "com.apple.product-type.application";
		};
/* End PBXNativeTarget section */

/* Begin PBXProject section */
		1F6CE5B91FE11BFC006D6AAD /* Project object */ = {
			isa = PBXProject;
			attributes = {
				LastSwiftUpdateCheck = 0910;
				LastUpgradeCheck = 0910;
				ORGANIZATIONNAME = "Susu Liang";
				TargetAttributes = {
					1F6CE5C01FE11BFC006D6AAD = {
						CreatedOnToolsVersion = 9.1;
						ProvisioningStyle = Automatic;
					};
				};
			};
			buildConfigurationList = 1F6CE5BC1FE11BFC006D6AAD /* Build configuration list for PBXProject "iSports" */;
			compatibilityVersion = "Xcode 8.0";
			developmentRegion = en;
			hasScannedForEncodings = 0;
			knownRegions = (
				en,
				Base,
			);
			mainGroup = 1F6CE5B81FE11BFC006D6AAD;
			productRefGroup = 1F6CE5C21FE11BFC006D6AAD /* Products */;
			projectDirPath = "";
			projectRoot = "";
			targets = (
				1F6CE5C01FE11BFC006D6AAD /* iSports */,
			);
		};
/* End PBXProject section */

/* Begin PBXResourcesBuildPhase section */
		1F6CE5BF1FE11BFC006D6AAD /* Resources */ = {
			isa = PBXResourcesBuildPhase;
			buildActionMask = 2147483647;
			files = (
				1F6CE5D71FE12077006D6AAD /* GoogleService-Info.plist in Resources */,
				1F6CE5CF1FE11BFC006D6AAD /* LaunchScreen.storyboard in Resources */,
				1F70C4FE1FE37E4B00DDAF03 /* SearchView.xib in Resources */,
				1FFC9DEF1FE17B1B003071B9 /* ListsCell.xib in Resources */,
				1F6CE5CC1FE11BFC006D6AAD /* Assets.xcassets in Resources */,
				1F70C5081FE3CE1100DDAF03 /* ActivityView.xib in Resources */,
				1F6CE5CA1FE11BFC006D6AAD /* Main.storyboard in Resources */,
			);
			runOnlyForDeploymentPostprocessing = 0;
		};
/* End PBXResourcesBuildPhase section */

/* Begin PBXShellScriptBuildPhase section */
		59741D498A6784534A510E19 /* [CP] Embed Pods Frameworks */ = {
			isa = PBXShellScriptBuildPhase;
			buildActionMask = 2147483647;
			files = (
			);
			inputPaths = (
				"${SRCROOT}/Pods/Target Support Files/Pods-iSports/Pods-iSports-frameworks.sh",
				"${BUILT_PRODUCTS_DIR}/Alamofire/Alamofire.framework",
				"${BUILT_PRODUCTS_DIR}/Cartography/Cartography.framework",
				"${BUILT_PRODUCTS_DIR}/GTMSessionFetcher/GTMSessionFetcher.framework",
				"${BUILT_PRODUCTS_DIR}/GoogleToolboxForMac/GoogleToolboxForMac.framework",
				"${BUILT_PRODUCTS_DIR}/MessageKit/MessageKit.framework",
				"${BUILT_PRODUCTS_DIR}/Nuke/Nuke.framework",
				"${BUILT_PRODUCTS_DIR}/leveldb-library/leveldb.framework",
				"${BUILT_PRODUCTS_DIR}/nanopb/nanopb.framework",
			);
			name = "[CP] Embed Pods Frameworks";
			outputPaths = (
				"${TARGET_BUILD_DIR}/${FRAMEWORKS_FOLDER_PATH}/Alamofire.framework",
				"${TARGET_BUILD_DIR}/${FRAMEWORKS_FOLDER_PATH}/Cartography.framework",
				"${TARGET_BUILD_DIR}/${FRAMEWORKS_FOLDER_PATH}/GTMSessionFetcher.framework",
				"${TARGET_BUILD_DIR}/${FRAMEWORKS_FOLDER_PATH}/GoogleToolboxForMac.framework",
				"${TARGET_BUILD_DIR}/${FRAMEWORKS_FOLDER_PATH}/MessageKit.framework",
				"${TARGET_BUILD_DIR}/${FRAMEWORKS_FOLDER_PATH}/Nuke.framework",
				"${TARGET_BUILD_DIR}/${FRAMEWORKS_FOLDER_PATH}/leveldb.framework",
				"${TARGET_BUILD_DIR}/${FRAMEWORKS_FOLDER_PATH}/nanopb.framework",
			);
			runOnlyForDeploymentPostprocessing = 0;
			shellPath = /bin/sh;
			shellScript = "\"${SRCROOT}/Pods/Target Support Files/Pods-iSports/Pods-iSports-frameworks.sh\"\n";
			showEnvVarsInLog = 0;
		};
		81498F0614FF37B62513D388 /* [CP] Check Pods Manifest.lock */ = {
			isa = PBXShellScriptBuildPhase;
			buildActionMask = 2147483647;
			files = (
			);
			inputPaths = (
				"${PODS_PODFILE_DIR_PATH}/Podfile.lock",
				"${PODS_ROOT}/Manifest.lock",
			);
			name = "[CP] Check Pods Manifest.lock";
			outputPaths = (
				"$(DERIVED_FILE_DIR)/Pods-iSports-checkManifestLockResult.txt",
			);
			runOnlyForDeploymentPostprocessing = 0;
			shellPath = /bin/sh;
			shellScript = "diff \"${PODS_PODFILE_DIR_PATH}/Podfile.lock\" \"${PODS_ROOT}/Manifest.lock\" > /dev/null\nif [ $? != 0 ] ; then\n    # print error to STDERR\n    echo \"error: The sandbox is not in sync with the Podfile.lock. Run 'pod install' or update your CocoaPods installation.\" >&2\n    exit 1\nfi\n# This output is used by Xcode 'outputs' to avoid re-running this script phase.\necho \"SUCCESS\" > \"${SCRIPT_OUTPUT_FILE_0}\"\n";
			showEnvVarsInLog = 0;
		};
		ABDC3873A1D3295FE9443DFC /* [CP] Copy Pods Resources */ = {
			isa = PBXShellScriptBuildPhase;
			buildActionMask = 2147483647;
			files = (
			);
			inputPaths = (
				"${SRCROOT}/Pods/Target Support Files/Pods-iSports/Pods-iSports-resources.sh",
				"${PODS_ROOT}/GoogleMaps/Maps/Frameworks/GoogleMaps.framework/Resources/GoogleMaps.bundle",
				"${PODS_ROOT}/GooglePlaces/Frameworks/GooglePlaces.framework/Resources/GooglePlaces.bundle",
			);
			name = "[CP] Copy Pods Resources";
			outputPaths = (
				"${TARGET_BUILD_DIR}/${UNLOCALIZED_RESOURCES_FOLDER_PATH}",
			);
			runOnlyForDeploymentPostprocessing = 0;
			shellPath = /bin/sh;
			shellScript = "\"${SRCROOT}/Pods/Target Support Files/Pods-iSports/Pods-iSports-resources.sh\"\n";
			showEnvVarsInLog = 0;
		};
/* End PBXShellScriptBuildPhase section */

/* Begin PBXSourcesBuildPhase section */
		1F6CE5BD1FE11BFC006D6AAD /* Sources */ = {
			isa = PBXSourcesBuildPhase;
			buildActionMask = 2147483647;
			files = (
				1F70C4FC1FE28CAA00DDAF03 /* MapController.swift in Sources */,
				1F6CE5C71FE11BFC006D6AAD /* ViewController.swift in Sources */,
				1FFC9DF81FE229CA003071B9 /* Preference.swift in Sources */,
				1FFC9DE21FE16A78003071B9 /* TabBarItemType.swift in Sources */,
				1FFC9DE71FE16CB7003071B9 /* UIViewExtensions.swift in Sources */,
				1FFC9DF51FE18058003071B9 /* UserSettingController.swift in Sources */,
				1F6CE5D91FE12A28006D6AAD /* LoginController.swift in Sources */,
				1FFC9DEB1FE17195003071B9 /* NavigationController.swift in Sources */,
				1F6358E71FE2471200B6511A /* MainViewController.swift in Sources */,
				1FFC9DF11FE17B81003071B9 /* ListsController.swift in Sources */,
				1FFC9DF31FE17FD4003071B9 /* ListsCell.swift in Sources */,
				1F70C5041FE39EC600DDAF03 /* SearchViewController.swift in Sources */,
				1FFC9DE41FE16A9F003071B9 /* TabBarController.swift in Sources */,
				1FFC9DE01FE16A3A003071B9 /* TabBarItem.swift in Sources */,
				1F6CE5C51FE11BFC006D6AAD /* AppDelegate.swift in Sources */,
				1F70C4FA1FE28C4600DDAF03 /* ActivityController.swift in Sources */,
				1FFC9DE91FE16D1B003071B9 /* UINibExtensions.swift in Sources */,
			);
			runOnlyForDeploymentPostprocessing = 0;
		};
/* End PBXSourcesBuildPhase section */

/* Begin PBXVariantGroup section */
		1F6CE5C81FE11BFC006D6AAD /* Main.storyboard */ = {
			isa = PBXVariantGroup;
			children = (
				1F6CE5C91FE11BFC006D6AAD /* Base */,
			);
			name = Main.storyboard;
			sourceTree = "<group>";
		};
		1F6CE5CD1FE11BFC006D6AAD /* LaunchScreen.storyboard */ = {
			isa = PBXVariantGroup;
			children = (
				1F6CE5CE1FE11BFC006D6AAD /* Base */,
			);
			name = LaunchScreen.storyboard;
			sourceTree = "<group>";
		};
/* End PBXVariantGroup section */

/* Begin XCBuildConfiguration section */
		1F6CE5D11FE11BFC006D6AAD /* Debug */ = {
			isa = XCBuildConfiguration;
			buildSettings = {
				ALWAYS_SEARCH_USER_PATHS = NO;
				CLANG_ANALYZER_NONNULL = YES;
				CLANG_ANALYZER_NUMBER_OBJECT_CONVERSION = YES_AGGRESSIVE;
				CLANG_CXX_LANGUAGE_STANDARD = "gnu++14";
				CLANG_CXX_LIBRARY = "libc++";
				CLANG_ENABLE_MODULES = YES;
				CLANG_ENABLE_OBJC_ARC = YES;
				CLANG_WARN_BLOCK_CAPTURE_AUTORELEASING = YES;
				CLANG_WARN_BOOL_CONVERSION = YES;
				CLANG_WARN_COMMA = YES;
				CLANG_WARN_CONSTANT_CONVERSION = YES;
				CLANG_WARN_DIRECT_OBJC_ISA_USAGE = YES_ERROR;
				CLANG_WARN_DOCUMENTATION_COMMENTS = YES;
				CLANG_WARN_EMPTY_BODY = YES;
				CLANG_WARN_ENUM_CONVERSION = YES;
				CLANG_WARN_INFINITE_RECURSION = YES;
				CLANG_WARN_INT_CONVERSION = YES;
				CLANG_WARN_NON_LITERAL_NULL_CONVERSION = YES;
				CLANG_WARN_OBJC_LITERAL_CONVERSION = YES;
				CLANG_WARN_OBJC_ROOT_CLASS = YES_ERROR;
				CLANG_WARN_RANGE_LOOP_ANALYSIS = YES;
				CLANG_WARN_STRICT_PROTOTYPES = YES;
				CLANG_WARN_SUSPICIOUS_MOVE = YES;
				CLANG_WARN_UNGUARDED_AVAILABILITY = YES_AGGRESSIVE;
				CLANG_WARN_UNREACHABLE_CODE = YES;
				CLANG_WARN__DUPLICATE_METHOD_MATCH = YES;
				CODE_SIGN_IDENTITY = "iPhone Developer";
				COPY_PHASE_STRIP = NO;
				DEBUG_INFORMATION_FORMAT = dwarf;
				ENABLE_STRICT_OBJC_MSGSEND = YES;
				ENABLE_TESTABILITY = YES;
				GCC_C_LANGUAGE_STANDARD = gnu11;
				GCC_DYNAMIC_NO_PIC = NO;
				GCC_NO_COMMON_BLOCKS = YES;
				GCC_OPTIMIZATION_LEVEL = 0;
				GCC_PREPROCESSOR_DEFINITIONS = (
					"DEBUG=1",
					"$(inherited)",
				);
				GCC_WARN_64_TO_32_BIT_CONVERSION = YES;
				GCC_WARN_ABOUT_RETURN_TYPE = YES_ERROR;
				GCC_WARN_UNDECLARED_SELECTOR = YES;
				GCC_WARN_UNINITIALIZED_AUTOS = YES_AGGRESSIVE;
				GCC_WARN_UNUSED_FUNCTION = YES;
				GCC_WARN_UNUSED_VARIABLE = YES;
				IPHONEOS_DEPLOYMENT_TARGET = 11.1;
				MTL_ENABLE_DEBUG_INFO = YES;
				ONLY_ACTIVE_ARCH = YES;
				SDKROOT = iphoneos;
				SWIFT_ACTIVE_COMPILATION_CONDITIONS = DEBUG;
				SWIFT_OPTIMIZATION_LEVEL = "-Onone";
			};
			name = Debug;
		};
		1F6CE5D21FE11BFC006D6AAD /* Release */ = {
			isa = XCBuildConfiguration;
			buildSettings = {
				ALWAYS_SEARCH_USER_PATHS = NO;
				CLANG_ANALYZER_NONNULL = YES;
				CLANG_ANALYZER_NUMBER_OBJECT_CONVERSION = YES_AGGRESSIVE;
				CLANG_CXX_LANGUAGE_STANDARD = "gnu++14";
				CLANG_CXX_LIBRARY = "libc++";
				CLANG_ENABLE_MODULES = YES;
				CLANG_ENABLE_OBJC_ARC = YES;
				CLANG_WARN_BLOCK_CAPTURE_AUTORELEASING = YES;
				CLANG_WARN_BOOL_CONVERSION = YES;
				CLANG_WARN_COMMA = YES;
				CLANG_WARN_CONSTANT_CONVERSION = YES;
				CLANG_WARN_DIRECT_OBJC_ISA_USAGE = YES_ERROR;
				CLANG_WARN_DOCUMENTATION_COMMENTS = YES;
				CLANG_WARN_EMPTY_BODY = YES;
				CLANG_WARN_ENUM_CONVERSION = YES;
				CLANG_WARN_INFINITE_RECURSION = YES;
				CLANG_WARN_INT_CONVERSION = YES;
				CLANG_WARN_NON_LITERAL_NULL_CONVERSION = YES;
				CLANG_WARN_OBJC_LITERAL_CONVERSION = YES;
				CLANG_WARN_OBJC_ROOT_CLASS = YES_ERROR;
				CLANG_WARN_RANGE_LOOP_ANALYSIS = YES;
				CLANG_WARN_STRICT_PROTOTYPES = YES;
				CLANG_WARN_SUSPICIOUS_MOVE = YES;
				CLANG_WARN_UNGUARDED_AVAILABILITY = YES_AGGRESSIVE;
				CLANG_WARN_UNREACHABLE_CODE = YES;
				CLANG_WARN__DUPLICATE_METHOD_MATCH = YES;
				CODE_SIGN_IDENTITY = "iPhone Developer";
				COPY_PHASE_STRIP = NO;
				DEBUG_INFORMATION_FORMAT = "dwarf-with-dsym";
				ENABLE_NS_ASSERTIONS = NO;
				ENABLE_STRICT_OBJC_MSGSEND = YES;
				GCC_C_LANGUAGE_STANDARD = gnu11;
				GCC_NO_COMMON_BLOCKS = YES;
				GCC_WARN_64_TO_32_BIT_CONVERSION = YES;
				GCC_WARN_ABOUT_RETURN_TYPE = YES_ERROR;
				GCC_WARN_UNDECLARED_SELECTOR = YES;
				GCC_WARN_UNINITIALIZED_AUTOS = YES_AGGRESSIVE;
				GCC_WARN_UNUSED_FUNCTION = YES;
				GCC_WARN_UNUSED_VARIABLE = YES;
				IPHONEOS_DEPLOYMENT_TARGET = 11.1;
				MTL_ENABLE_DEBUG_INFO = NO;
				SDKROOT = iphoneos;
				SWIFT_OPTIMIZATION_LEVEL = "-Owholemodule";
				VALIDATE_PRODUCT = YES;
			};
			name = Release;
		};
		1F6CE5D41FE11BFC006D6AAD /* Debug */ = {
			isa = XCBuildConfiguration;
			baseConfigurationReference = 4DD76A467625E70E85392DE9 /* Pods-iSports.debug.xcconfig */;
			buildSettings = {
				ASSETCATALOG_COMPILER_APPICON_NAME = AppIcon;
				CODE_SIGN_STYLE = Automatic;
				INFOPLIST_FILE = iSports/Info.plist;
				LD_RUNPATH_SEARCH_PATHS = "$(inherited) @executable_path/Frameworks";
				PRODUCT_BUNDLE_IDENTIFIER = susu.iSports;
				PRODUCT_NAME = "$(TARGET_NAME)";
				SWIFT_VERSION = 4.0;
				TARGETED_DEVICE_FAMILY = "1,2";
			};
			name = Debug;
		};
		1F6CE5D51FE11BFC006D6AAD /* Release */ = {
			isa = XCBuildConfiguration;
			baseConfigurationReference = E16CEEBCF8DE1FE5AE8FF54A /* Pods-iSports.release.xcconfig */;
			buildSettings = {
				ASSETCATALOG_COMPILER_APPICON_NAME = AppIcon;
				CODE_SIGN_STYLE = Automatic;
				INFOPLIST_FILE = iSports/Info.plist;
				LD_RUNPATH_SEARCH_PATHS = "$(inherited) @executable_path/Frameworks";
				PRODUCT_BUNDLE_IDENTIFIER = susu.iSports;
				PRODUCT_NAME = "$(TARGET_NAME)";
				SWIFT_VERSION = 4.0;
				TARGETED_DEVICE_FAMILY = "1,2";
			};
			name = Release;
		};
/* End XCBuildConfiguration section */

/* Begin XCConfigurationList section */
		1F6CE5BC1FE11BFC006D6AAD /* Build configuration list for PBXProject "iSports" */ = {
			isa = XCConfigurationList;
			buildConfigurations = (
				1F6CE5D11FE11BFC006D6AAD /* Debug */,
				1F6CE5D21FE11BFC006D6AAD /* Release */,
			);
			defaultConfigurationIsVisible = 0;
			defaultConfigurationName = Release;
		};
		1F6CE5D31FE11BFC006D6AAD /* Build configuration list for PBXNativeTarget "iSports" */ = {
			isa = XCConfigurationList;
			buildConfigurations = (
				1F6CE5D41FE11BFC006D6AAD /* Debug */,
				1F6CE5D51FE11BFC006D6AAD /* Release */,
			);
			defaultConfigurationIsVisible = 0;
			defaultConfigurationName = Release;
		};
/* End XCConfigurationList section */
	};
	rootObject = 1F6CE5B91FE11BFC006D6AAD /* Project object */;
}
